{
  "name": "html-git-version-plugin",
  "version": "1.0.0",
  "lockfileVersion": 1,
  "requires": true,
  "dependencies": {
    "dayjs": {
      "version": "1.10.4",
      "resolved": "https://registry.npmjs.org/dayjs/-/dayjs-1.10.4.tgz",
      "integrity": "sha512-RI/Hh4kqRc1UKLOAf/T5zdMMX5DQIlDxwUe3wSyMMnEbGunnpENCdbUgM+dW7kXidZqCttBrmw7BhN4TMddkCw==",
      "dev": true
    },
    "dotgitconfig": {
      "version": "1.1.1",
      "resolved": "https://registry.npmjs.org/dotgitconfig/-/dotgitconfig-1.1.1.tgz",
      "integrity": "sha512-gkaAQMmhlE7N6NYtvckQ32f/xTX6Hv7RTtF9qKCYJEQgL/d6zJZk/D0eLFuuGPRCbpRj2PR/HcBLxtIh3MSB6Q==",
      "dev": true,
      "requires": {
        "ini": "^1.3.5"
      }
    },
    "ini": {
      "version": "1.3.8",
      "resolved": "https://registry.npmjs.org/ini/-/ini-1.3.8.tgz",
      "integrity": "sha512-JV/yugV2uzW5iMRSiZAyDtQd+nxtUnjeLt0acNdw98kKLrvuRVyB80tsREOE7yvGVgalhZ6RNXCmEHkUKBKxew==",
      "dev": true
    },
    "last-commit-log": {
      "version": "3.1.1",
      "resolved": "https://registry.npmjs.org/last-commit-log/-/last-commit-log-3.1.1.tgz",
      "integrity": "sha512-UodrtHrAC9v+saELwRPRBsQolp/LnIdJcqqFZ6RuMRkAwXFiZyJce2ioabn5mY3seJUrSdn70k3gqACrtPiIMg==",
      "dev": true,
      "requires": {
        "dotgitconfig": "^1.1.0"
      }
    }
  }
}
